// !$*UTF8*$!
{
	archiveVersion = 1;
	classes = {
	};
	objectVersion = 55;
	objects = {

/* Begin PBXBuildFile section */
		D100DB44288DDC8B00FF70DF /* AppDelegate.swift in Sources */ = {isa = PBXBuildFile; fileRef = D100DB43288DDC8B00FF70DF /* AppDelegate.swift */; };
		D100DB46288DDC8B00FF70DF /* SceneDelegate.swift in Sources */ = {isa = PBXBuildFile; fileRef = D100DB45288DDC8B00FF70DF /* SceneDelegate.swift */; };
		D100DB48288DDC8B00FF70DF /* ViewController.swift in Sources */ = {isa = PBXBuildFile; fileRef = D100DB47288DDC8B00FF70DF /* ViewController.swift */; };
		D100DB4B288DDC8B00FF70DF /* Main.storyboard in Resources */ = {isa = PBXBuildFile; fileRef = D100DB49288DDC8B00FF70DF /* Main.storyboard */; };
		D100DB4D288DDC8E00FF70DF /* Assets.xcassets in Resources */ = {isa = PBXBuildFile; fileRef = D100DB4C288DDC8E00FF70DF /* Assets.xcassets */; };
		D100DB50288DDC8E00FF70DF /* LaunchScreen.storyboard in Resources */ = {isa = PBXBuildFile; fileRef = D100DB4E288DDC8E00FF70DF /* LaunchScreen.storyboard */; };
		D100DB5B288DDC8F00FF70DF /* BaluchonProjectZTests.swift in Sources */ = {isa = PBXBuildFile; fileRef = D100DB5A288DDC8F00FF70DF /* BaluchonProjectZTests.swift */; };
		D100DB65288DDC8F00FF70DF /* BaluchonProjectZUITests.swift in Sources */ = {isa = PBXBuildFile; fileRef = D100DB64288DDC8F00FF70DF /* BaluchonProjectZUITests.swift */; };
		D100DB67288DDC8F00FF70DF /* BaluchonProjectZUITestsLaunchTests.swift in Sources */ = {isa = PBXBuildFile; fileRef = D100DB66288DDC8F00FF70DF /* BaluchonProjectZUITestsLaunchTests.swift */; };
		D100DB78288DE13D00FF70DF /* CurrencyViewController.swift in Sources */ = {isa = PBXBuildFile; fileRef = D100DB77288DE13D00FF70DF /* CurrencyViewController.swift */; };
		D100DB7C288DE14600FF70DF /* Currency.swift in Sources */ = {isa = PBXBuildFile; fileRef = D100DB7A288DE14600FF70DF /* Currency.swift */; };
		D100DB7D288DE14600FF70DF /* CurrencyService.swift in Sources */ = {isa = PBXBuildFile; fileRef = D100DB7B288DE14600FF70DF /* CurrencyService.swift */; };
		D100DB82288DE1AA00FF70DF /* ErrorCases.swift in Sources */ = {isa = PBXBuildFile; fileRef = D100DB7F288DE1AA00FF70DF /* ErrorCases.swift */; };
		D100DB83288DE1AA00FF70DF /* UIViewController.swift in Sources */ = {isa = PBXBuildFile; fileRef = D100DB80288DE1AA00FF70DF /* UIViewController.swift */; };
/* End PBXBuildFile section */

/* Begin PBXContainerItemProxy section */
		D100DB57288DDC8F00FF70DF /* PBXContainerItemProxy */ = {
			isa = PBXContainerItemProxy;
			containerPortal = D100DB38288DDC8B00FF70DF /* Project object */;
			proxyType = 1;
			remoteGlobalIDString = D100DB3F288DDC8B00FF70DF;
			remoteInfo = BaluchonProjectZ;
		};
		D100DB61288DDC8F00FF70DF /* PBXContainerItemProxy */ = {
			isa = PBXContainerItemProxy;
			containerPortal = D100DB38288DDC8B00FF70DF /* Project object */;
			proxyType = 1;
			remoteGlobalIDString = D100DB3F288DDC8B00FF70DF;
			remoteInfo = BaluchonProjectZ;
		};
/* End PBXContainerItemProxy section */

/* Begin PBXFileReference section */
		D100DB40288DDC8B00FF70DF /* BaluchonProjectZ.app */ = {isa = PBXFileReference; explicitFileType = wrapper.application; includeInIndex = 0; path = BaluchonProjectZ.app; sourceTree = BUILT_PRODUCTS_DIR; };
		D100DB43288DDC8B00FF70DF /* AppDelegate.swift */ = {isa = PBXFileReference; lastKnownFileType = sourcecode.swift; path = AppDelegate.swift; sourceTree = "<group>"; };
		D100DB45288DDC8B00FF70DF /* SceneDelegate.swift */ = {isa = PBXFileReference; lastKnownFileType = sourcecode.swift; path = SceneDelegate.swift; sourceTree = "<group>"; };
		D100DB47288DDC8B00FF70DF /* ViewController.swift */ = {isa = PBXFileReference; lastKnownFileType = sourcecode.swift; path = ViewController.swift; sourceTree = "<group>"; };
		D100DB4A288DDC8B00FF70DF /* Base */ = {isa = PBXFileReference; lastKnownFileType = file.storyboard; name = Base; path = Base.lproj/Main.storyboard; sourceTree = "<group>"; };
		D100DB4C288DDC8E00FF70DF /* Assets.xcassets */ = {isa = PBXFileReference; lastKnownFileType = folder.assetcatalog; path = Assets.xcassets; sourceTree = "<group>"; };
		D100DB4F288DDC8E00FF70DF /* Base */ = {isa = PBXFileReference; lastKnownFileType = file.storyboard; name = Base; path = Base.lproj/LaunchScreen.storyboard; sourceTree = "<group>"; };
		D100DB51288DDC8E00FF70DF /* Info.plist */ = {isa = PBXFileReference; lastKnownFileType = text.plist.xml; path = Info.plist; sourceTree = "<group>"; };
		D100DB56288DDC8F00FF70DF /* BaluchonProjectZTests.xctest */ = {isa = PBXFileReference; explicitFileType = wrapper.cfbundle; includeInIndex = 0; path = BaluchonProjectZTests.xctest; sourceTree = BUILT_PRODUCTS_DIR; };
		D100DB5A288DDC8F00FF70DF /* BaluchonProjectZTests.swift */ = {isa = PBXFileReference; lastKnownFileType = sourcecode.swift; path = BaluchonProjectZTests.swift; sourceTree = "<group>"; };
		D100DB60288DDC8F00FF70DF /* BaluchonProjectZUITests.xctest */ = {isa = PBXFileReference; explicitFileType = wrapper.cfbundle; includeInIndex = 0; path = BaluchonProjectZUITests.xctest; sourceTree = BUILT_PRODUCTS_DIR; };
		D100DB64288DDC8F00FF70DF /* BaluchonProjectZUITests.swift */ = {isa = PBXFileReference; lastKnownFileType = sourcecode.swift; path = BaluchonProjectZUITests.swift; sourceTree = "<group>"; };
		D100DB66288DDC8F00FF70DF /* BaluchonProjectZUITestsLaunchTests.swift */ = {isa = PBXFileReference; lastKnownFileType = sourcecode.swift; path = BaluchonProjectZUITestsLaunchTests.swift; sourceTree = "<group>"; };
		D100DB77288DE13D00FF70DF /* CurrencyViewController.swift */ = {isa = PBXFileReference; fileEncoding = 4; lastKnownFileType = sourcecode.swift; path = CurrencyViewController.swift; sourceTree = "<group>"; };
		D100DB7A288DE14600FF70DF /* Currency.swift */ = {isa = PBXFileReference; fileEncoding = 4; lastKnownFileType = sourcecode.swift; path = Currency.swift; sourceTree = "<group>"; };
		D100DB7B288DE14600FF70DF /* CurrencyService.swift */ = {isa = PBXFileReference; fileEncoding = 4; lastKnownFileType = sourcecode.swift; path = CurrencyService.swift; sourceTree = "<group>"; };
		D100DB7F288DE1AA00FF70DF /* ErrorCases.swift */ = {isa = PBXFileReference; fileEncoding = 4; lastKnownFileType = sourcecode.swift; path = ErrorCases.swift; sourceTree = "<group>"; };
		D100DB80288DE1AA00FF70DF /* UIViewController.swift */ = {isa = PBXFileReference; fileEncoding = 4; lastKnownFileType = sourcecode.swift; path = UIViewController.swift; sourceTree = "<group>"; };
/* End PBXFileReference section */

/* Begin PBXFrameworksBuildPhase section */
		D100DB3D288DDC8B00FF70DF /* Frameworks */ = {
			isa = PBXFrameworksBuildPhase;
			buildActionMask = 2147483647;
			files = (
			);
			runOnlyForDeploymentPostprocessing = 0;
		};
		D100DB53288DDC8F00FF70DF /* Frameworks */ = {
			isa = PBXFrameworksBuildPhase;
			buildActionMask = 2147483647;
			files = (
			);
			runOnlyForDeploymentPostprocessing = 0;
		};
		D100DB5D288DDC8F00FF70DF /* Frameworks */ = {
			isa = PBXFrameworksBuildPhase;
			buildActionMask = 2147483647;
			files = (
			);
			runOnlyForDeploymentPostprocessing = 0;
		};
/* End PBXFrameworksBuildPhase section */

/* Begin PBXGroup section */
		D100DB37288DDC8B00FF70DF = {
			isa = PBXGroup;
			children = (
				D100DB42288DDC8B00FF70DF /* BaluchonProjectZ */,
				D100DB59288DDC8F00FF70DF /* BaluchonProjectZTests */,
				D100DB63288DDC8F00FF70DF /* BaluchonProjectZUITests */,
				D100DB41288DDC8B00FF70DF /* Products */,
			);
			sourceTree = "<group>";
		};
		D100DB41288DDC8B00FF70DF /* Products */ = {
			isa = PBXGroup;
			children = (
				D100DB40288DDC8B00FF70DF /* BaluchonProjectZ.app */,
				D100DB56288DDC8F00FF70DF /* BaluchonProjectZTests.xctest */,
				D100DB60288DDC8F00FF70DF /* BaluchonProjectZUITests.xctest */,
			);
			name = Products;
			sourceTree = "<group>";
		};
		D100DB42288DDC8B00FF70DF /* BaluchonProjectZ */ = {
			isa = PBXGroup;
			children = (
				D100DB51288DDC8E00FF70DF /* Info.plist */,
				D100DB7E288DE1AA00FF70DF /* Extensions */,
				D100DB75288DDD8600FF70DF /* Model */,
				D100DB74288DDD7900FF70DF /* View */,
				D100DB73288DDD6200FF70DF /* Controller */,
				D100DB77288DE13D00FF70DF /* CurrencyViewController.swift */,
				D100DB76288DDD9900FF70DF /* Supporting Files */,
			);
			path = BaluchonProjectZ;
			sourceTree = "<group>";
		};
		D100DB59288DDC8F00FF70DF /* BaluchonProjectZTests */ = {
			isa = PBXGroup;
			children = (
				D100DB5A288DDC8F00FF70DF /* BaluchonProjectZTests.swift */,
			);
			path = BaluchonProjectZTests;
			sourceTree = "<group>";
		};
		D100DB63288DDC8F00FF70DF /* BaluchonProjectZUITests */ = {
			isa = PBXGroup;
			children = (
				D100DB64288DDC8F00FF70DF /* BaluchonProjectZUITests.swift */,
				D100DB66288DDC8F00FF70DF /* BaluchonProjectZUITestsLaunchTests.swift */,
			);
			path = BaluchonProjectZUITests;
			sourceTree = "<group>";
		};
		D100DB73288DDD6200FF70DF /* Controller */ = {
			isa = PBXGroup;
			children = (
				D100DB47288DDC8B00FF70DF /* ViewController.swift */,
			);
			path = Controller;
			sourceTree = "<group>";
		};
		D100DB74288DDD7900FF70DF /* View */ = {
			isa = PBXGroup;
			children = (
				D100DB49288DDC8B00FF70DF /* Main.storyboard */,
				D100DB4E288DDC8E00FF70DF /* LaunchScreen.storyboard */,
			);
			path = View;
			sourceTree = "<group>";
		};
		D100DB75288DDD8600FF70DF /* Model */ = {
			isa = PBXGroup;
			children = (
				D100DB79288DE14600FF70DF /* Currency */,
			);
			path = Model;
			sourceTree = "<group>";
		};
		D100DB76288DDD9900FF70DF /* Supporting Files */ = {
			isa = PBXGroup;
			children = (
				D100DB43288DDC8B00FF70DF /* AppDelegate.swift */,
				D100DB4C288DDC8E00FF70DF /* Assets.xcassets */,
				D100DB45288DDC8B00FF70DF /* SceneDelegate.swift */,
			);
			path = "Supporting Files";
			sourceTree = "<group>";
		};
		D100DB79288DE14600FF70DF /* Currency */ = {
			isa = PBXGroup;
			children = (
				D100DB7A288DE14600FF70DF /* Currency.swift */,
				D100DB7B288DE14600FF70DF /* CurrencyService.swift */,
			);
			path = Currency;
			sourceTree = "<group>";
		};
		D100DB7E288DE1AA00FF70DF /* Extensions */ = {
			isa = PBXGroup;
			children = (
				D100DB7F288DE1AA00FF70DF /* ErrorCases.swift */,
				D100DB80288DE1AA00FF70DF /* UIViewController.swift */,
			);
			path = Extensions;
			sourceTree = "<group>";
		};
/* End PBXGroup section */

/* Begin PBXNativeTarget section */
		D100DB3F288DDC8B00FF70DF /* BaluchonProjectZ */ = {
			isa = PBXNativeTarget;
			buildConfigurationList = D100DB6A288DDC8F00FF70DF /* Build configuration list for PBXNativeTarget "BaluchonProjectZ" */;
			buildPhases = (
				D100DB3C288DDC8B00FF70DF /* Sources */,
				D100DB3D288DDC8B00FF70DF /* Frameworks */,
				D100DB3E288DDC8B00FF70DF /* Resources */,
			);
			buildRules = (
			);
			dependencies = (
			);
			name = BaluchonProjectZ;
			productName = BaluchonProjectZ;
			productReference = D100DB40288DDC8B00FF70DF /* BaluchonProjectZ.app */;
			productType = "com.apple.product-type.application";
		};
		D100DB55288DDC8F00FF70DF /* BaluchonProjectZTests */ = {
			isa = PBXNativeTarget;
			buildConfigurationList = D100DB6D288DDC8F00FF70DF /* Build configuration list for PBXNativeTarget "BaluchonProjectZTests" */;
			buildPhases = (
				D100DB52288DDC8F00FF70DF /* Sources */,
				D100DB53288DDC8F00FF70DF /* Frameworks */,
				D100DB54288DDC8F00FF70DF /* Resources */,
			);
			buildRules = (
			);
			dependencies = (
				D100DB58288DDC8F00FF70DF /* PBXTargetDependency */,
			);
			name = BaluchonProjectZTests;
			productName = BaluchonProjectZTests;
			productReference = D100DB56288DDC8F00FF70DF /* BaluchonProjectZTests.xctest */;
			productType = "com.apple.product-type.bundle.unit-test";
		};
		D100DB5F288DDC8F00FF70DF /* BaluchonProjectZUITests */ = {
			isa = PBXNativeTarget;
			buildConfigurationList = D100DB70288DDC8F00FF70DF /* Build configuration list for PBXNativeTarget "BaluchonProjectZUITests" */;
			buildPhases = (
				D100DB5C288DDC8F00FF70DF /* Sources */,
				D100DB5D288DDC8F00FF70DF /* Frameworks */,
				D100DB5E288DDC8F00FF70DF /* Resources */,
			);
			buildRules = (
			);
			dependencies = (
				D100DB62288DDC8F00FF70DF /* PBXTargetDependency */,
			);
			name = BaluchonProjectZUITests;
			productName = BaluchonProjectZUITests;
			productReference = D100DB60288DDC8F00FF70DF /* BaluchonProjectZUITests.xctest */;
			productType = "com.apple.product-type.bundle.ui-testing";
		};
/* End PBXNativeTarget section */

/* Begin PBXProject section */
		D100DB38288DDC8B00FF70DF /* Project object */ = {
			isa = PBXProject;
			attributes = {
				BuildIndependentTargetsInParallel = 1;
				LastSwiftUpdateCheck = 1340;
				LastUpgradeCheck = 1340;
				TargetAttributes = {
					D100DB3F288DDC8B00FF70DF = {
						CreatedOnToolsVersion = 13.4.1;
					};
					D100DB55288DDC8F00FF70DF = {
						CreatedOnToolsVersion = 13.4.1;
						TestTargetID = D100DB3F288DDC8B00FF70DF;
					};
					D100DB5F288DDC8F00FF70DF = {
						CreatedOnToolsVersion = 13.4.1;
						TestTargetID = D100DB3F288DDC8B00FF70DF;
					};
				};
			};
			buildConfigurationList = D100DB3B288DDC8B00FF70DF /* Build configuration list for PBXProject "BaluchonProjectZ" */;
			compatibilityVersion = "Xcode 13.0";
			developmentRegion = en;
			hasScannedForEncodings = 0;
			knownRegions = (
				en,
				Base,
			);
			mainGroup = D100DB37288DDC8B00FF70DF;
			productRefGroup = D100DB41288DDC8B00FF70DF /* Products */;
			projectDirPath = "";
			projectRoot = "";
			targets = (
				D100DB3F288DDC8B00FF70DF /* BaluchonProjectZ */,
				D100DB55288DDC8F00FF70DF /* BaluchonProjectZTests */,
				D100DB5F288DDC8F00FF70DF /* BaluchonProjectZUITests */,
			);
		};
/* End PBXProject section */

/* Begin PBXResourcesBuildPhase section */
		D100DB3E288DDC8B00FF70DF /* Resources */ = {
			isa = PBXResourcesBuildPhase;
			buildActionMask = 2147483647;
			files = (
				D100DB50288DDC8E00FF70DF /* LaunchScreen.storyboard in Resources */,
				D100DB4D288DDC8E00FF70DF /* Assets.xcassets in Resources */,
				D100DB4B288DDC8B00FF70DF /* Main.storyboard in Resources */,
			);
			runOnlyForDeploymentPostprocessing = 0;
		};
		D100DB54288DDC8F00FF70DF /* Resources */ = {
			isa = PBXResourcesBuildPhase;
			buildActionMask = 2147483647;
			files = (
			);
			runOnlyForDeploymentPostprocessing = 0;
		};
		D100DB5E288DDC8F00FF70DF /* Resources */ = {
			isa = PBXResourcesBuildPhase;
			buildActionMask = 2147483647;
			files = (
			);
			runOnlyForDeploymentPostprocessing = 0;
		};
/* End PBXResourcesBuildPhase section */

/* Begin PBXSourcesBuildPhase section */
		D100DB3C288DDC8B00FF70DF /* Sources */ = {
			isa = PBXSourcesBuildPhase;
			buildActionMask = 2147483647;
			files = (
				D100DB48288DDC8B00FF70DF /* ViewController.swift in Sources */,
				D100DB82288DE1AA00FF70DF /* ErrorCases.swift in Sources */,
				D100DB7C288DE14600FF70DF /* Currency.swift in Sources */,
				D100DB7D288DE14600FF70DF /* CurrencyService.swift in Sources */,
				D100DB78288DE13D00FF70DF /* CurrencyViewController.swift in Sources */,
				D100DB44288DDC8B00FF70DF /* AppDelegate.swift in Sources */,
				D100DB83288DE1AA00FF70DF /* UIViewController.swift in Sources */,
				D100DB46288DDC8B00FF70DF /* SceneDelegate.swift in Sources */,
			);
			runOnlyForDeploymentPostprocessing = 0;
		};
		D100DB52288DDC8F00FF70DF /* Sources */ = {
			isa = PBXSourcesBuildPhase;
			buildActionMask = 2147483647;
			files = (
				D100DB5B288DDC8F00FF70DF /* BaluchonProjectZTests.swift in Sources */,
			);
			runOnlyForDeploymentPostprocessing = 0;
		};
		D100DB5C288DDC8F00FF70DF /* Sources */ = {
			isa = PBXSourcesBuildPhase;
			buildActionMask = 2147483647;
			files = (
				D100DB65288DDC8F00FF70DF /* BaluchonProjectZUITests.swift in Sources */,
				D100DB67288DDC8F00FF70DF /* BaluchonProjectZUITestsLaunchTests.swift in Sources */,
			);
			runOnlyForDeploymentPostprocessing = 0;
		};
/* End PBXSourcesBuildPhase section */

/* Begin PBXTargetDependency section */
		D100DB58288DDC8F00FF70DF /* PBXTargetDependency */ = {
			isa = PBXTargetDependency;
			target = D100DB3F288DDC8B00FF70DF /* BaluchonProjectZ */;
			targetProxy = D100DB57288DDC8F00FF70DF /* PBXContainerItemProxy */;
		};
		D100DB62288DDC8F00FF70DF /* PBXTargetDependency */ = {
			isa = PBXTargetDependency;
			target = D100DB3F288DDC8B00FF70DF /* BaluchonProjectZ */;
			targetProxy = D100DB61288DDC8F00FF70DF /* PBXContainerItemProxy */;
		};
/* End PBXTargetDependency section */

/* Begin PBXVariantGroup section */
		D100DB49288DDC8B00FF70DF /* Main.storyboard */ = {
			isa = PBXVariantGroup;
			children = (
				D100DB4A288DDC8B00FF70DF /* Base */,
			);
			name = Main.storyboard;
			sourceTree = "<group>";
		};
		D100DB4E288DDC8E00FF70DF /* LaunchScreen.storyboard */ = {
			isa = PBXVariantGroup;
			children = (
				D100DB4F288DDC8E00FF70DF /* Base */,
			);
			name = LaunchScreen.storyboard;
			sourceTree = "<group>";
		};
/* End PBXVariantGroup section */

/* Begin XCBuildConfiguration section */
		D100DB68288DDC8F00FF70DF /* Debug */ = {
			isa = XCBuildConfiguration;
			buildSettings = {
				ALWAYS_SEARCH_USER_PATHS = NO;
				CLANG_ANALYZER_NONNULL = YES;
				CLANG_ANALYZER_NUMBER_OBJECT_CONVERSION = YES_AGGRESSIVE;
				CLANG_CXX_LANGUAGE_STANDARD = "gnu++17";
				CLANG_ENABLE_MODULES = YES;
				CLANG_ENABLE_OBJC_ARC = YES;
				CLANG_ENABLE_OBJC_WEAK = YES;
				CLANG_WARN_BLOCK_CAPTURE_AUTORELEASING = YES;
				CLANG_WARN_BOOL_CONVERSION = YES;
				CLANG_WARN_COMMA = YES;
				CLANG_WARN_CONSTANT_CONVERSION = YES;
				CLANG_WARN_DEPRECATED_OBJC_IMPLEMENTATIONS = YES;
				CLANG_WARN_DIRECT_OBJC_ISA_USAGE = YES_ERROR;
				CLANG_WARN_DOCUMENTATION_COMMENTS = YES;
				CLANG_WARN_EMPTY_BODY = YES;
				CLANG_WARN_ENUM_CONVERSION = YES;
				CLANG_WARN_INFINITE_RECURSION = YES;
				CLANG_WARN_INT_CONVERSION = YES;
				CLANG_WARN_NON_LITERAL_NULL_CONVERSION = YES;
				CLANG_WARN_OBJC_IMPLICIT_RETAIN_SELF = YES;
				CLANG_WARN_OBJC_LITERAL_CONVERSION = YES;
				CLANG_WARN_OBJC_ROOT_CLASS = YES_ERROR;
				CLANG_WARN_QUOTED_INCLUDE_IN_FRAMEWORK_HEADER = YES;
				CLANG_WARN_RANGE_LOOP_ANALYSIS = YES;
				CLANG_WARN_STRICT_PROTOTYPES = YES;
				CLANG_WARN_SUSPICIOUS_MOVE = YES;
				CLANG_WARN_UNGUARDED_AVAILABILITY = YES_AGGRESSIVE;
				CLANG_WARN_UNREACHABLE_CODE = YES;
				CLANG_WARN__DUPLICATE_METHOD_MATCH = YES;
				COPY_PHASE_STRIP = NO;
				DEBUG_INFORMATION_FORMAT = dwarf;
				ENABLE_STRICT_OBJC_MSGSEND = YES;
				ENABLE_TESTABILITY = YES;
				GCC_C_LANGUAGE_STANDARD = gnu11;
				GCC_DYNAMIC_NO_PIC = NO;
				GCC_NO_COMMON_BLOCKS = YES;
				GCC_OPTIMIZATION_LEVEL = 0;
				GCC_PREPROCESSOR_DEFINITIONS = (
					"DEBUG=1",
					"$(inherited)",
				);
				GCC_WARN_64_TO_32_BIT_CONVERSION = YES;
				GCC_WARN_ABOUT_RETURN_TYPE = YES_ERROR;
				GCC_WARN_UNDECLARED_SELECTOR = YES;
				GCC_WARN_UNINITIALIZED_AUTOS = YES_AGGRESSIVE;
				GCC_WARN_UNUSED_FUNCTION = YES;
				GCC_WARN_UNUSED_VARIABLE = YES;
				IPHONEOS_DEPLOYMENT_TARGET = 15.5;
				MTL_ENABLE_DEBUG_INFO = INCLUDE_SOURCE;
				MTL_FAST_MATH = YES;
				ONLY_ACTIVE_ARCH = YES;
				SDKROOT = iphoneos;
				SWIFT_ACTIVE_COMPILATION_CONDITIONS = DEBUG;
				SWIFT_OPTIMIZATION_LEVEL = "-Onone";
			};
			name = Debug;
		};
		D100DB69288DDC8F00FF70DF /* Release */ = {
			isa = XCBuildConfiguration;
			buildSettings = {
				ALWAYS_SEARCH_USER_PATHS = NO;
				CLANG_ANALYZER_NONNULL = YES;
				CLANG_ANALYZER_NUMBER_OBJECT_CONVERSION = YES_AGGRESSIVE;
				CLANG_CXX_LANGUAGE_STANDARD = "gnu++17";
				CLANG_ENABLE_MODULES = YES;
				CLANG_ENABLE_OBJC_ARC = YES;
				CLANG_ENABLE_OBJC_WEAK = YES;
				CLANG_WARN_BLOCK_CAPTURE_AUTORELEASING = YES;
				CLANG_WARN_BOOL_CONVERSION = YES;
				CLANG_WARN_COMMA = YES;
				CLANG_WARN_CONSTANT_CONVERSION = YES;
				CLANG_WARN_DEPRECATED_OBJC_IMPLEMENTATIONS = YES;
				CLANG_WARN_DIRECT_OBJC_ISA_USAGE = YES_ERROR;
				CLANG_WARN_DOCUMENTATION_COMMENTS = YES;
				CLANG_WARN_EMPTY_BODY = YES;
				CLANG_WARN_ENUM_CONVERSION = YES;
				CLANG_WARN_INFINITE_RECURSION = YES;
				CLANG_WARN_INT_CONVERSION = YES;
				CLANG_WARN_NON_LITERAL_NULL_CONVERSION = YES;
				CLANG_WARN_OBJC_IMPLICIT_RETAIN_SELF = YES;
				CLANG_WARN_OBJC_LITERAL_CONVERSION = YES;
				CLANG_WARN_OBJC_ROOT_CLASS = YES_ERROR;
				CLANG_WARN_QUOTED_INCLUDE_IN_FRAMEWORK_HEADER = YES;
				CLANG_WARN_RANGE_LOOP_ANALYSIS = YES;
				CLANG_WARN_STRICT_PROTOTYPES = YES;
				CLANG_WARN_SUSPICIOUS_MOVE = YES;
				CLANG_WARN_UNGUARDED_AVAILABILITY = YES_AGGRESSIVE;
				CLANG_WARN_UNREACHABLE_CODE = YES;
				CLANG_WARN__DUPLICATE_METHOD_MATCH = YES;
				COPY_PHASE_STRIP = NO;
				DEBUG_INFORMATION_FORMAT = "dwarf-with-dsym";
				ENABLE_NS_ASSERTIONS = NO;
				ENABLE_STRICT_OBJC_MSGSEND = YES;
				GCC_C_LANGUAGE_STANDARD = gnu11;
				GCC_NO_COMMON_BLOCKS = YES;
				GCC_WARN_64_TO_32_BIT_CONVERSION = YES;
				GCC_WARN_ABOUT_RETURN_TYPE = YES_ERROR;
				GCC_WARN_UNDECLARED_SELECTOR = YES;
				GCC_WARN_UNINITIALIZED_AUTOS = YES_AGGRESSIVE;
				GCC_WARN_UNUSED_FUNCTION = YES;
				GCC_WARN_UNUSED_VARIABLE = YES;
				IPHONEOS_DEPLOYMENT_TARGET = 15.5;
				MTL_ENABLE_DEBUG_INFO = NO;
				MTL_FAST_MATH = YES;
				SDKROOT = iphoneos;
				SWIFT_COMPILATION_MODE = wholemodule;
				SWIFT_OPTIMIZATION_LEVEL = "-O";
				VALIDATE_PRODUCT = YES;
			};
			name = Release;
		};
		D100DB6B288DDC8F00FF70DF /* Debug */ = {
			isa = XCBuildConfiguration;
			buildSettings = {
				ASSETCATALOG_COMPILER_APPICON_NAME = AppIcon;
				ASSETCATALOG_COMPILER_GLOBAL_ACCENT_COLOR_NAME = AccentColor;
				CODE_SIGN_STYLE = Automatic;
				CURRENT_PROJECT_VERSION = 1;
				DEVELOPMENT_TEAM = 69N585LAQZ;
				GENERATE_INFOPLIST_FILE = YES;
				INFOPLIST_FILE = BaluchonProjectZ/Info.plist;
				INFOPLIST_KEY_UIApplicationSupportsIndirectInputEvents = YES;
				INFOPLIST_KEY_UILaunchStoryboardName = LaunchScreen;
				INFOPLIST_KEY_UIMainStoryboardFile = Main;
				INFOPLIST_KEY_UISupportedInterfaceOrientations_iPad = "UIInterfaceOrientationPortrait UIInterfaceOrientationPortraitUpsideDown UIInterfaceOrientationLandscapeLeft UIInterfaceOrientationLandscapeRight";
				INFOPLIST_KEY_UISupportedInterfaceOrientations_iPhone = "UIInterfaceOrientationPortrait UIInterfaceOrientationLandscapeLeft UIInterfaceOrientationLandscapeRight";
				LD_RUNPATH_SEARCH_PATHS = (
					"$(inherited)",
					"@executable_path/Frameworks",
				);
				MARKETING_VERSION = 1.0;
				PRODUCT_BUNDLE_IDENTIFIER = "com.sofyan-dev.BaluchonProjectZ";
				PRODUCT_NAME = "$(TARGET_NAME)";
				SWIFT_EMIT_LOC_STRINGS = YES;
				SWIFT_VERSION = 5.0;
				TARGETED_DEVICE_FAMILY = "1,2";
			};
			name = Debug;
		};
		D100DB6C288DDC8F00FF70DF /* Release */ = {
			isa = XCBuildConfiguration;
			buildSettings = {
				ASSETCATALOG_COMPILER_APPICON_NAME = AppIcon;
				ASSETCATALOG_COMPILER_GLOBAL_ACCENT_COLOR_NAME = AccentColor;
				CODE_SIGN_STYLE = Automatic;
				CURRENT_PROJECT_VERSION = 1;
				DEVELOPMENT_TEAM = 69N585LAQZ;
				GENERATE_INFOPLIST_FILE = YES;
				INFOPLIST_FILE = BaluchonProjectZ/Info.plist;
				INFOPLIST_KEY_UIApplicationSupportsIndirectInputEvents = YES;
				INFOPLIST_KEY_UILaunchStoryboardName = LaunchScreen;
				INFOPLIST_KEY_UIMainStoryboardFile = Main;
				INFOPLIST_KEY_UISupportedInterfaceOrientations_iPad = "UIInterfaceOrientationPortrait UIInterfaceOrientationPortraitUpsideDown UIInterfaceOrientationLandscapeLeft UIInterfaceOrientationLandscapeRight";
				INFOPLIST_KEY_UISupportedInterfaceOrientations_iPhone = "UIInterfaceOrientationPortrait UIInterfaceOrientationLandscapeLeft UIInterfaceOrientationLandscapeRight";
				LD_RUNPATH_SEARCH_PATHS = (
					"$(inherited)",
					"@executable_path/Frameworks",
				);
				MARKETING_VERSION = 1.0;
				PRODUCT_BUNDLE_IDENTIFIER = "com.sofyan-dev.BaluchonProjectZ";
				PRODUCT_NAME = "$(TARGET_NAME)";
				SWIFT_EMIT_LOC_STRINGS = YES;
				SWIFT_VERSION = 5.0;
				TARGETED_DEVICE_FAMILY = "1,2";
			};
			name = Release;
		};
		D100DB6E288DDC8F00FF70DF /* Debug */ = {
			isa = XCBuildConfiguration;
			buildSettings = {
				ALWAYS_EMBED_SWIFT_STANDARD_LIBRARIES = YES;
				BUNDLE_LOADER = "$(TEST_HOST)";
				CODE_SIGN_STYLE = Automatic;
				CURRENT_PROJECT_VERSION = 1;
				DEVELOPMENT_TEAM = 69N585LAQZ;
				GENERATE_INFOPLIST_FILE = YES;
				IPHONEOS_DEPLOYMENT_TARGET = 15.5;
				MARKETING_VERSION = 1.0;
				PRODUCT_BUNDLE_IDENTIFIER = "com.sofyan-dev.BaluchonProjectZTests";
				PRODUCT_NAME = "$(TARGET_NAME)";
				SWIFT_EMIT_LOC_STRINGS = NO;
				SWIFT_VERSION = 5.0;
				TARGETED_DEVICE_FAMILY = "1,2";
				TEST_HOST = "$(BUILT_PRODUCTS_DIR)/BaluchonProjectZ.app/BaluchonProjectZ";
			};
			name = Debug;
		};
		D100DB6F288DDC8F00FF70DF /* Release */ = {
			isa = XCBuildConfiguration;
			buildSettings = {
				ALWAYS_EMBED_SWIFT_STANDARD_LIBRARIES = YES;
				BUNDLE_LOADER = "$(TEST_HOST)";
				CODE_SIGN_STYLE = Automatic;
				CURRENT_PROJECT_VERSION = 1;
				DEVELOPMENT_TEAM = 69N585LAQZ;
				GENERATE_INFOPLIST_FILE = YES;
				IPHONEOS_DEPLOYMENT_TARGET = 15.5;
				MARKETING_VERSION = 1.0;
				PRODUCT_BUNDLE_IDENTIFIER = "com.sofyan-dev.BaluchonProjectZTests";
				PRODUCT_NAME = "$(TARGET_NAME)";
				SWIFT_EMIT_LOC_STRINGS = NO;
				SWIFT_VERSION = 5.0;
				TARGETED_DEVICE_FAMILY = "1,2";
				TEST_HOST = "$(BUILT_PRODUCTS_DIR)/BaluchonProjectZ.app/BaluchonProjectZ";
			};
			name = Release;
		};
		D100DB71288DDC8F00FF70DF /* Debug */ = {
			isa = XCBuildConfiguration;
			buildSettings = {
				ALWAYS_EMBED_SWIFT_STANDARD_LIBRARIES = YES;
				CODE_SIGN_STYLE = Automatic;
				CURRENT_PROJECT_VERSION = 1;
				DEVELOPMENT_TEAM = 69N585LAQZ;
				GENERATE_INFOPLIST_FILE = YES;
				MARKETING_VERSION = 1.0;
				PRODUCT_BUNDLE_IDENTIFIER = "com.sofyan-dev.BaluchonProjectZUITests";
				PRODUCT_NAME = "$(TARGET_NAME)";
				SWIFT_EMIT_LOC_STRINGS = NO;
				SWIFT_VERSION = 5.0;
				TARGETED_DEVICE_FAMILY = "1,2";
				TEST_TARGET_NAME = BaluchonProjectZ;
			};
			name = Debug;
		};
		D100DB72288DDC8F00FF70DF /* Release */ = {
			isa = XCBuildConfiguration;
			buildSettings = {
				ALWAYS_EMBED_SWIFT_STANDARD_LIBRARIES = YES;
				CODE_SIGN_STYLE = Automatic;
				CURRENT_PROJECT_VERSION = 1;
				DEVELOPMENT_TEAM = 69N585LAQZ;
				GENERATE_INFOPLIST_FILE = YES;
				MARKETING_VERSION = 1.0;
				PRODUCT_BUNDLE_IDENTIFIER = "com.sofyan-dev.BaluchonProjectZUITests";
				PRODUCT_NAME = "$(TARGET_NAME)";
				SWIFT_EMIT_LOC_STRINGS = NO;
				SWIFT_VERSION = 5.0;
				TARGETED_DEVICE_FAMILY = "1,2";
				TEST_TARGET_NAME = BaluchonProjectZ;
			};
			name = Release;
		};
/* End XCBuildConfiguration section */

/* Begin XCConfigurationList section */
		D100DB3B288DDC8B00FF70DF /* Build configuration list for PBXProject "BaluchonProjectZ" */ = {
			isa = XCConfigurationList;
			buildConfigurations = (
				D100DB68288DDC8F00FF70DF /* Debug */,
				D100DB69288DDC8F00FF70DF /* Release */,
			);
			defaultConfigurationIsVisible = 0;
			defaultConfigurationName = Release;
		};
		D100DB6A288DDC8F00FF70DF /* Build configuration list for PBXNativeTarget "BaluchonProjectZ" */ = {
			isa = XCConfigurationList;
			buildConfigurations = (
				D100DB6B288DDC8F00FF70DF /* Debug */,
				D100DB6C288DDC8F00FF70DF /* Release */,
			);
			defaultConfigurationIsVisible = 0;
			defaultConfigurationName = Release;
		};
		D100DB6D288DDC8F00FF70DF /* Build configuration list for PBXNativeTarget "BaluchonProjectZTests" */ = {
			isa = XCConfigurationList;
			buildConfigurations = (
				D100DB6E288DDC8F00FF70DF /* Debug */,
				D100DB6F288DDC8F00FF70DF /* Release */,
			);
			defaultConfigurationIsVisible = 0;
			defaultConfigurationName = Release;
		};
		D100DB70288DDC8F00FF70DF /* Build configuration list for PBXNativeTarget "BaluchonProjectZUITests" */ = {
			isa = XCConfigurationList;
			buildConfigurations = (
				D100DB71288DDC8F00FF70DF /* Debug */,
				D100DB72288DDC8F00FF70DF /* Release */,
			);
			defaultConfigurationIsVisible = 0;
			defaultConfigurationName = Release;
		};
/* End XCConfigurationList section */
	};
	rootObject = D100DB38288DDC8B00FF70DF /* Project object */;
}
